
Microsoft Visual Studio Solution File, Format Version 12.00
# Visual Studio Version 16
VisualStudioVersion = 16.0.31129.286
MinimumVisualStudioVersion = 10.0.40219.1
Project("{FAE04EC0-301F-11D3-BF4B-00C04F79EFBC}") = "BookStore", "BookStore\BookStore.csproj", "{B2DE08D5-689C-4BEC-8209-BBF3808EB2F1}"
EndProject
Global
	GlobalSection(SolutionConfigurationPlatforms) = preSolution
		Debug|Any CPU = Debug|Any CPU
		Release|Any CPU = Release|Any CPU
	EndGlobalSection
	GlobalSection(ProjectConfigurationPlatforms) = postSolution
		{B2DE08D5-689C-4BEC-8209-BBF3808EB2F1}.Debug|Any CPU.ActiveCfg = Debug|Any CPU
		{B2DE08D5-689C-4BEC-8209-BBF3808EB2F1}.Debug|Any CPU.Build.0 = Debug|Any CPU
		{B2DE08D5-689C-4BEC-8209-BBF3808EB2F1}.Release|Any CPU.ActiveCfg = Release|Any CPU
		{B2DE08D5-689C-4BEC-8209-BBF3808EB2F1}.Release|Any CPU.Build.0 = Release|Any CPU
	EndGlobalSection
	GlobalSection(SolutionProperties) = preSolution
		HideSolutionNode = FALSE
	EndGlobalSection
	GlobalSection(ExtensibilityGlobals) = postSolution
		SolutionGuid = {1382F9DF-7EED-4C22-809E-5967EB132A4E}
	EndGlobalSection
EndGlobal
